
Microsoft Visual Studio Solution File, Format Version 12.00
# Visual Studio Version 16
VisualStudioVersion = 16.0.32228.343
MinimumVisualStudioVersion = 10.0.40219.1
Project("{FAE04EC0-301F-11D3-BF4B-00C04F79EFBC}") = "Exp1-Apriori", "Exp1-Apriori\Exp1-Apriori.csproj", "{658B71EB-CF71-4D3D-9AA2-C0352CDB8EB7}"
EndProject
Global
	GlobalSection(SolutionConfigurationPlatforms) = preSolution
		Debug|Any CPU = Debug|Any CPU
		Release|Any CPU = Release|Any CPU
	EndGlobalSection
	GlobalSection(ProjectConfigurationPlatforms) = postSolution
		{658B71EB-CF71-4D3D-9AA2-C0352CDB8EB7}.Debug|Any CPU.ActiveCfg = Debug|Any CPU
		{658B71EB-CF71-4D3D-9AA2-C0352CDB8EB7}.Debug|Any CPU.Build.0 = Debug|Any CPU
		{658B71EB-CF71-4D3D-9AA2-C0352CDB8EB7}.Release|Any CPU.ActiveCfg = Release|Any CPU
		{658B71EB-CF71-4D3D-9AA2-C0352CDB8EB7}.Release|Any CPU.Build.0 = Release|Any CPU
	EndGlobalSection
	GlobalSection(SolutionProperties) = preSolution
		HideSolutionNode = FALSE
	EndGlobalSection
	GlobalSection(ExtensibilityGlobals) = postSolution
		SolutionGuid = {C5AED497-A0F4-43E1-AA2E-BC17FC7B9DDA}
	EndGlobalSection
EndGlobal
